
Microsoft Visual Studio Solution File, Format Version 12.00
# Visual Studio Version 17
VisualStudioVersion = 17.7.34009.444
MinimumVisualStudioVersion = 10.0.40219.1
Project("{FAE04EC0-301F-11D3-BF4B-00C04F79EFBC}") = "TIc Tac Toe", "TIc Tac Toe\TIc Tac Toe.csproj", "{357D77F7-12B4-40CD-BBF0-02AAF4B85691}"
EndProject
Global
	GlobalSection(SolutionConfigurationPlatforms) = preSolution
		Debug|Any CPU = Debug|Any CPU
		Release|Any CPU = Release|Any CPU
	EndGlobalSection
	GlobalSection(ProjectConfigurationPlatforms) = postSolution
		{357D77F7-12B4-40CD-BBF0-02AAF4B85691}.Debug|Any CPU.ActiveCfg = Debug|Any CPU
		{357D77F7-12B4-40CD-BBF0-02AAF4B85691}.Debug|Any CPU.Build.0 = Debug|Any CPU
		{357D77F7-12B4-40CD-BBF0-02AAF4B85691}.Release|Any CPU.ActiveCfg = Release|Any CPU
		{357D77F7-12B4-40CD-BBF0-02AAF4B85691}.Release|Any CPU.Build.0 = Release|Any CPU
	EndGlobalSection
	GlobalSection(SolutionProperties) = preSolution
		HideSolutionNode = FALSE
	EndGlobalSection
	GlobalSection(ExtensibilityGlobals) = postSolution
		SolutionGuid = {D3996BA5-3583-419D-ADB7-C292761356CE}
	EndGlobalSection
EndGlobal
